
Microsoft Visual Studio Solution File, Format Version 12.00
# Visual Studio Version 18
VisualStudioVersion = 18.8.12023.21
MinimumVisualStudioVersion = 10.0.40219.1
Project("{FAE04EC0-301F-11D3-BF4B-00C04F79EFBC}") = "API", "src\API\API.csproj", "{CBAFC0F9-5B69-AE5B-776E-B650E010DF04}"
EndProject
Project("{FAE04EC0-301F-11D3-BF4B-00C04F79EFBC}") = "Application", "src\Application\Application.csproj", "{5BDAB160-5258-45DA-1CDF-4BFCF367E785}"
EndProject
Project("{2150E333-8FDC-42A3-9474-1A3956D46DE8}") = "src", "src", "{2F7D8654-368C-46E0-8C13-06477648CF91}"
EndProject
Project("{2150E333-8FDC-42A3-9474-1A3956D46DE8}") = "tests", "tests", "{AF195239-2D90-4E1A-9DF9-1C9C981A94C6}"
EndProject
Project("{FAE04EC0-301F-11D3-BF4B-00C04F79EFBC}") = "Domain.Test", "tests\Domain.Test\Domain.Test.csproj", "{004883C0-9E9F-4A44-A6EC-50651E24FFB7}"
EndProject
Project("{FAE04EC0-301F-11D3-BF4B-00C04F79EFBC}") = "Application.Tests", "tests\Application.Tests\Application.Tests.csproj", "{9403A8C8-BE4A-4A4B-8A51-56257620C307}"
EndProject
Project("{FAE04EC0-301F-11D3-BF4B-00C04F79EFBC}") = "Domain", "src\Domain\Domain.csproj", "{87EDA1D2-4B5B-E524-38CE-D0BFCA5F4D6B}"
EndProject
Project("{FAE04EC0-301F-11D3-BF4B-00C04F79EFBC}") = "Infra.Data", "src\Infra.Data\Infra.Data.csproj", "{DB67E134-5B10-7ACC-FC24-EE9E888C235C}"
EndProject
Project("{FAE04EC0-301F-11D3-BF4B-00C04F79EFBC}") = "Infra.Ioc", "src\Infra.Ioc\Infra.Ioc.csproj", "{171B87D2-360D-2E10-6241-4482F8C4860F}"
EndProject
Project("{FAE04EC0-301F-11D3-BF4B-00C04F79EFBC}") = "Integration.Tests", "tests\Integration.Tests\Integration.Tests.csproj", "{BE0C9039-6A14-4423-BD76-8095FD71AC50}"
EndProject
Global
	GlobalSection(SolutionConfigurationPlatforms) = preSolution
		Debug|Any CPU = Debug|Any CPU
		Debug|x64 = Debug|x64
		Debug|x86 = Debug|x86
		Release|Any CPU = Release|Any CPU
		Release|x64 = Release|x64
		Release|x86 = Release|x86
	EndGlobalSection
	GlobalSection(ProjectConfigurationPlatforms) = postSolution
		{CBAFC0F9-5B69-AE5B-776E-B650E010DF04}.Debug|Any CPU.ActiveCfg = Debug|Any CPU
		{CBAFC0F9-5B69-AE5B-776E-B650E010DF04}.Debug|Any CPU.Build.0 = Debug|Any CPU
		{CBAFC0F9-5B69-AE5B-776E-B650E010DF04}.Debug|x64.ActiveCfg = Debug|Any CPU
		{CBAFC0F9-5B69-AE5B-776E-B650E010DF04}.Debug|x64.Build.0 = Debug|Any CPU
		{CBAFC0F9-5B69-AE5B-776E-B650E010DF04}.Debug|x86.ActiveCfg = Debug|Any CPU
		{CBAFC0F9-5B69-AE5B-776E-B650E010DF04}.Debug|x86.Build.0 = Debug|Any CPU
		{CBAFC0F9-5B69-AE5B-776E-B650E010DF04}.Release|Any CPU.ActiveCfg = Release|Any CPU
		{CBAFC0F9-5B69-AE5B-776E-B650E010DF04}.Release|Any CPU.Build.0 = Release|Any CPU
		{CBAFC0F9-5B69-AE5B-776E-B650E010DF04}.Release|x64.ActiveCfg = Release|Any CPU
		{CBAFC0F9-5B69-AE5B-776E-B650E010DF04}.Release|x64.Build.0 = Release|Any CPU
		{CBAFC0F9-5B69-AE5B-776E-B650E010DF04}.Release|x86.ActiveCfg = Release|Any CPU
		{CBAFC0F9-5B69-AE5B-776E-B650E010DF04}.Release|x86.Build.0 = Release|Any CPU
		{5BDAB160-5258-45DA-1CDF-4BFCF367E785}.Debug|Any CPU.ActiveCfg = Debug|Any CPU
		{5BDAB160-5258-45DA-1CDF-4BFCF367E785}.Debug|Any CPU.Build.0 = Debug|Any CPU
		{5BDAB160-5258-45DA-1CDF-4BFCF367E785}.Debug|x64.ActiveCfg = Debug|Any CPU
		{5BDAB160-5258-45DA-1CDF-4BFCF367E785}.Debug|x64.Build.0 = Debug|Any CPU
		{5BDAB160-5258-45DA-1CDF-4BFCF367E785}.Debug|x86.ActiveCfg = Debug|Any CPU
		{5BDAB160-5258-45DA-1CDF-4BFCF367E785}.Debug|x86.Build.0 = Debug|Any CPU
		{5BDAB160-5258-45DA-1CDF-4BFCF367E785}.Release|Any CPU.ActiveCfg = Release|Any CPU
		{5BDAB160-5258-45DA-1CDF-4BFCF367E785}.Release|Any CPU.Build.0 = Release|Any CPU
		{5BDAB160-5258-45DA-1CDF-4BFCF367E785}.Release|x64.ActiveCfg = Release|Any CPU
		{5BDAB160-5258-45DA-1CDF-4BFCF367E785}.Release|x64.Build.0 = Release|Any CPU
		{5BDAB160-5258-45DA-1CDF-4BFCF367E785}.Release|x86.ActiveCfg = Release|Any CPU
		{5BDAB160-5258-45DA-1CDF-4BFCF367E785}.Release|x86.Build.0 = Release|Any CPU
		{004883C0-9E9F-4A44-A6EC-50651E24FFB7}.Debug|Any CPU.ActiveCfg = Debug|Any CPU
		{004883C0-9E9F-4A44-A6EC-50651E24FFB7}.Debug|Any CPU.Build.0 = Debug|Any CPU
		{004883C0-9E9F-4A44-A6EC-50651E24FFB7}.Debug|x64.ActiveCfg = Debug|Any CPU
		{004883C0-9E9F-4A44-A6EC-50651E24FFB7}.Debug|x64.Build.0 = Debug|Any CPU
		{004883C0-9E9F-4A44-A6EC-50651E24FFB7}.Debug|x86.ActiveCfg = Debug|Any CPU
		{004883C0-9E9F-4A44-A6EC-50651E24FFB7}.Debug|x86.Build.0 = Debug|Any CPU
		{004883C0-9E9F-4A44-A6EC-50651E24FFB7}.Release|Any CPU.ActiveCfg = Release|Any CPU
		{004883C0-9E9F-4A44-A6EC-50651E24FFB7}.Release|Any CPU.Build.0 = Release|Any CPU
		{004883C0-9E9F-4A44-A6EC-50651E24FFB7}.Release|x64.ActiveCfg = Release|Any CPU
		{004883C0-9E9F-4A44-A6EC-50651E24FFB7}.Release|x64.Build.0 = Release|Any CPU
		{004883C0-9E9F-4A44-A6EC-50651E24FFB7}.Release|x86.ActiveCfg = Release|Any CPU
		{004883C0-9E9F-4A44-A6EC-50651E24FFB7}.Release|x86.Build.0 = Release|Any CPU
		{9403A8C8-BE4A-4A4B-8A51-56257620C307}.Debug|Any CPU.ActiveCfg = Debug|Any CPU
		{9403A8C8-BE4A-4A4B-8A51-56257620C307}.Debug|Any CPU.Build.0 = Debug|Any CPU
		{9403A8C8-BE4A-4A4B-8A51-56257620C307}.Debug|x64.ActiveCfg = Debug|Any CPU
		{9403A8C8-BE4A-4A4B-8A51-56257620C307}.Debug|x64.Build.0 = Debug|Any CPU
		{9403A8C8-BE4A-4A4B-8A51-56257620C307}.Debug|x86.ActiveCfg = Debug|Any CPU
		{9403A8C8-BE4A-4A4B-8A51-56257620C307}.Debug|x86.Build.0 = Debug|Any CPU
		{9403A8C8-BE4A-4A4B-8A51-56257620C307}.Release|Any CPU.ActiveCfg = Release|Any CPU
		{9403A8C8-BE4A-4A4B-8A51-56257620C307}.Release|Any CPU.Build.0 = Release|Any CPU
		{9403A8C8-BE4A-4A4B-8A51-56257620C307}.Release|x64.ActiveCfg = Release|Any CPU
		{9403A8C8-BE4A-4A4B-8A51-56257620C307}.Release|x64.Build.0 = Release|Any CPU
		{9403A8C8-BE4A-4A4B-8A51-56257620C307}.Release|x86.ActiveCfg = Release|Any CPU
		{9403A8C8-BE4A-4A4B-8A51-56257620C307}.Release|x86.Build.0 = Release|Any CPU
		{87EDA1D2-4B5B-E524-38CE-D0BFCA5F4D6B}.Debug|Any CPU.ActiveCfg = Debug|Any CPU
		{87EDA1D2-4B5B-E524-38CE-D0BFCA5F4D6B}.Debug|Any CPU.Build.0 = Debug|Any CPU
		{87EDA1D2-4B5B-E524-38CE-D0BFCA5F4D6B}.Debug|x64.ActiveCfg = Debug|Any CPU
		{87EDA1D2-4B5B-E524-38CE-D0BFCA5F4D6B}.Debug|x64.Build.0 = Debug|Any CPU
		{87EDA1D2-4B5B-E524-38CE-D0BFCA5F4D6B}.Debug|x86.ActiveCfg = Debug|Any CPU
		{87EDA1D2-4B5B-E524-38CE-D0BFCA5F4D6B}.Debug|x86.Build.0 = Debug|Any CPU
		{87EDA1D2-4B5B-E524-38CE-D0BFCA5F4D6B}.Release|Any CPU.ActiveCfg = Release|Any CPU
		{87EDA1D2-4B5B-E524-38CE-D0BFCA5F4D6B}.Release|Any CPU.Build.0 = Release|Any CPU
		{87EDA1D2-4B5B-E524-38CE-D0BFCA5F4D6B}.Release|x64.ActiveCfg = Release|Any CPU
		{87EDA1D2-4B5B-E524-38CE-D0BFCA5F4D6B}.Release|x64.Build.0 = Release|Any CPU
		{87EDA1D2-4B5B-E524-38CE-D0BFCA5F4D6B}.Release|x86.ActiveCfg = Release|Any CPU
		{87EDA1D2-4B5B-E524-38CE-D0BFCA5F4D6B}.Release|x86.Build.0 = Release|Any CPU
		{DB67E134-5B10-7ACC-FC24-EE9E888C235C}.Debug|Any CPU.ActiveCfg = Debug|Any CPU
		{DB67E134-5B10-7ACC-FC24-EE9E888C235C}.Debug|Any CPU.Build.0 = Debug|Any CPU
		{DB67E134-5B10-7ACC-FC24-EE9E888C235C}.Debug|x64.ActiveCfg = Debug|Any CPU
		{DB67E134-5B10-7ACC-FC24-EE9E888C235C}.Debug|x64.Build.0 = Debug|Any CPU
		{DB67E134-5B10-7ACC-FC24-EE9E888C235C}.Debug|x86.ActiveCfg = Debug|Any CPU
		{DB67E134-5B10-7ACC-FC24-EE9E888C235C}.Debug|x86.Build.0 = Debug|Any CPU
		{DB67E134-5B10-7ACC-FC24-EE9E888C235C}.Release|Any CPU.ActiveCfg = Release|Any CPU
		{DB67E134-5B10-7ACC-FC24-EE9E888C235C}.Release|Any CPU.Build.0 = Release|Any CPU
		{DB67E134-5B10-7ACC-FC24-EE9E888C235C}.Release|x64.ActiveCfg = Release|Any CPU
		{DB67E134-5B10-7ACC-FC24-EE9E888C235C}.Release|x64.Build.0 = Release|Any CPU
		{DB67E134-5B10-7ACC-FC24-EE9E888C235C}.Release|x86.ActiveCfg = Release|Any CPU
		{DB67E134-5B10-7ACC-FC24-EE9E888C235C}.Release|x86.Build.0 = Release|Any CPU
		{171B87D2-360D-2E10-6241-4482F8C4860F}.Debug|Any CPU.ActiveCfg = Debug|Any CPU
		{171B87D2-360D-2E10-6241-4482F8C4860F}.Debug|Any CPU.Build.0 = Debug|Any CPU
		{171B87D2-360D-2E10-6241-4482F8C4860F}.Debug|x64.ActiveCfg = Debug|Any CPU
		{171B87D2-360D-2E10-6241-4482F8C4860F}.Debug|x64.Build.0 = Debug|Any CPU
		{171B87D2-360D-2E10-6241-4482F8C4860F}.Debug|x86.ActiveCfg = Debug|Any CPU
		{171B87D2-360D-2E10-6241-4482F8C4860F}.Debug|x86.Build.0 = Debug|Any CPU
		{171B87D2-360D-2E10-6241-4482F8C4860F}.Release|Any CPU.ActiveCfg = Release|Any CPU
		{171B87D2-360D-2E10-6241-4482F8C4860F}.Release|Any CPU.Build.0 = Release|Any CPU
		{171B87D2-360D-2E10-6241-4482F8C4860F}.Release|x64.ActiveCfg = Release|Any CPU
		{171B87D2-360D-2E10-6241-4482F8C4860F}.Release|x64.Build.0 = Release|Any CPU
		{171B87D2-360D-2E10-6241-4482F8C4860F}.Release|x86.ActiveCfg = Release|Any CPU
		{171B87D2-360D-2E10-6241-4482F8C4860F}.Release|x86.Build.0 = Release|Any CPU
		{BE0C9039-6A14-4423-BD76-8095FD71AC50}.Debug|Any CPU.ActiveCfg = Debug|Any CPU
		{BE0C9039-6A14-4423-BD76-8095FD71AC50}.Debug|Any CPU.Build.0 = Debug|Any CPU
		{BE0C9039-6A14-4423-BD76-8095FD71AC50}.Debug|x64.ActiveCfg = Debug|Any CPU
		{BE0C9039-6A14-4423-BD76-8095FD71AC50}.Debug|x64.Build.0 = Debug|Any CPU
		{BE0C9039-6A14-4423-BD76-8095FD71AC50}.Debug|x86.ActiveCfg = Debug|Any CPU
		{BE0C9039-6A14-4423-BD76-8095FD71AC50}.Debug|x86.Build.0 = Debug|Any CPU
		{BE0C9039-6A14-4423-BD76-8095FD71AC50}.Release|Any CPU.ActiveCfg = Release|Any CPU
		{BE0C9039-6A14-4423-BD76-8095FD71AC50}.Release|Any CPU.Build.0 = Release|Any CPU
		{BE0C9039-6A14-4423-BD76-8095FD71AC50}.Release|x64.ActiveCfg = Release|Any CPU
		{BE0C9039-6A14-4423-BD76-8095FD71AC50}.Release|x64.Build.0 = Release|Any CPU
		{BE0C9039-6A14-4423-BD76-8095FD71AC50}.Release|x86.ActiveCfg = Release|Any CPU
		{BE0C9039-6A14-4423-BD76-8095FD71AC50}.Release|x86.Build.0 = Release|Any CPU
	EndGlobalSection
	GlobalSection(SolutionProperties) = preSolution
		HideSolutionNode = FALSE
	EndGlobalSection
	GlobalSection(NestedProjects) = preSolution
		{CBAFC0F9-5B69-AE5B-776E-B650E010DF04} = {2F7D8654-368C-46E0-8C13-06477648CF91}
		{5BDAB160-5258-45DA-1CDF-4BFCF367E785} = {2F7D8654-368C-46E0-8C13-06477648CF91}
		{004883C0-9E9F-4A44-A6EC-50651E24FFB7} = {AF195239-2D90-4E1A-9DF9-1C9C981A94C6}
		{9403A8C8-BE4A-4A4B-8A51-56257620C307} = {AF195239-2D90-4E1A-9DF9-1C9C981A94C6}
		{87EDA1D2-4B5B-E524-38CE-D0BFCA5F4D6B} = {2F7D8654-368C-46E0-8C13-06477648CF91}
		{DB67E134-5B10-7ACC-FC24-EE9E888C235C} = {2F7D8654-368C-46E0-8C13-06477648CF91}
		{171B87D2-360D-2E10-6241-4482F8C4860F} = {2F7D8654-368C-46E0-8C13-06477648CF91}
		{BE0C9039-6A14-4423-BD76-8095FD71AC50} = {AF195239-2D90-4E1A-9DF9-1C9C981A94C6}
	EndGlobalSection
	GlobalSection(ExtensibilityGlobals) = postSolution
		SolutionGuid = {6F62E69E-F048-4A44-A51E-EE0B6F245668}
	EndGlobalSection
EndGlobal
